
Microsoft Visual Studio Solution File, Format Version 12.00
# Visual Studio Version 16
VisualStudioVersion = 16.0.31112.23
MinimumVisualStudioVersion = 10.0.40219.1
Project("{9A19103F-16F7-4668-BE54-9A1E7A4F7556}") = "Motivity Custom Report", "Motivity Custom Report\Motivity Custom Report.csproj", "{672F1299-32BD-4C7F-8E00-BA05F4112525}"
EndProject
Global
	GlobalSection(SolutionConfigurationPlatforms) = preSolution
		Debug|Any CPU = Debug|Any CPU
		Release|Any CPU = Release|Any CPU
	EndGlobalSection
	GlobalSection(ProjectConfigurationPlatforms) = postSolution
		{672F1299-32BD-4C7F-8E00-BA05F4112525}.Debug|Any CPU.ActiveCfg = Debug|Any CPU
		{672F1299-32BD-4C7F-8E00-BA05F4112525}.Debug|Any CPU.Build.0 = Debug|Any CPU
		{672F1299-32BD-4C7F-8E00-BA05F4112525}.Release|Any CPU.ActiveCfg = Release|Any CPU
		{672F1299-32BD-4C7F-8E00-BA05F4112525}.Release|Any CPU.Build.0 = Release|Any CPU
	EndGlobalSection
	GlobalSection(SolutionProperties) = preSolution
		HideSolutionNode = FALSE
	EndGlobalSection
	GlobalSection(ExtensibilityGlobals) = postSolution
		SolutionGuid = {B3A40027-CA17-42DB-BE04-EE32C158C4E9}
	EndGlobalSection
EndGlobal
